{
  "originHash" : "6bcd2a35cc90ce5f3c5a8c65ba83285582a7184e878df5fea51a4075777f3cae",
  "pins" : [
    {
      "identity" : "swift-toml",
      "kind" : "remoteSourceControl",
      "location" : "https://github.com/mattt/swift-toml.git",
      "state" : {
        "revision" : "827506c90475e82d5a7f191f950fb3025cbdc0d6",
        "version" : "2.0.0"
      }
    },
    {
      "identity" : "tomldecoder",
      "kind" : "remoteSourceControl",
      "location" : "https://github.com/dduan/TOMLDecoder.git",
      "state" : {
        "revision" : "a2bbd2796fe3064e107de18cb56031052c4fa899",
        "version" : "0.4.5"
      }
    },
    {
      "identity" : "trusted-router-swift",
      "kind" : "remoteSourceControl",
      "location" : "https://github.com/Lore-Hex/trusted-router-swift.git",
      "state" : {
        "revision" : "410cb034ce5a20b62f209d03d46a256cafe7b54f",
        "version" : "0.4.1"
      }
    },
    {
      "identity" : "yams",
      "kind" : "remoteSourceControl",
      "location" : "https://github.com/jpsim/Yams.git",
      "state" : {
        "revision" : "a27b21e0c81c5bf42049b897a62aaf387e80f279",
        "version" : "6.2.2"
      }
    }
  ],
  "version" : 3
}
