{
  "originHash" : "d585104da7a2fb269c3766dfd74328a26e5f7903a39b502a6d0d366e3fe84452",
  "pins" : [
    {
      "identity" : "swift-toml",
      "kind" : "remoteSourceControl",
      "location" : "https://github.com/mattt/swift-toml.git",
      "state" : {
        "revision" : "827506c90475e82d5a7f191f950fb3025cbdc0d6",
        "version" : "2.0.0"
      }
    },
    {
      "identity" : "tomldecoder",
      "kind" : "remoteSourceControl",
      "location" : "https://github.com/dduan/TOMLDecoder.git",
      "state" : {
        "revision" : "a2bbd2796fe3064e107de18cb56031052c4fa899",
        "version" : "0.4.5"
      }
    },
    {
      "identity" : "trusted-router-swift",
      "kind" : "remoteSourceControl",
      "location" : "https://github.com/Lore-Hex/trusted-router-swift.git",
      "state" : {
        "revision" : "3655851b4fef87256b5203b62c5e5eef45ae0615",
        "version" : "0.6.1"
      }
    },
    {
      "identity" : "yams",
      "kind" : "remoteSourceControl",
      "location" : "https://github.com/jpsim/Yams.git",
      "state" : {
        "revision" : "a27b21e0c81c5bf42049b897a62aaf387e80f279",
        "version" : "6.2.2"
      }
    }
  ],
  "version" : 3
}
